
Microsoft Visual Studio Solution File, Format Version 12.00
# Visual Studio 15
VisualStudioVersion = 15.0.28307.572
MinimumVisualStudioVersion = 10.0.40219.1
Project("{FAE04EC0-301F-11D3-BF4B-00C04F79EFBC}") = "SafetyScience.Web", "SafetyScience.Web\SafetyScience.Web.csproj", "{C25F2CED-D632-4510-ACE4-7D3444CDF383}"
EndProject
Global
	GlobalSection(SolutionConfigurationPlatforms) = preSolution
		Debug|Any CPU = Debug|Any CPU
		Release|Any CPU = Release|Any CPU
	EndGlobalSection
	GlobalSection(ProjectConfigurationPlatforms) = postSolution
		{C25F2CED-D632-4510-ACE4-7D3444CDF383}.Debug|Any CPU.ActiveCfg = Debug|Any CPU
		{C25F2CED-D632-4510-ACE4-7D3444CDF383}.Debug|Any CPU.Build.0 = Debug|Any CPU
		{C25F2CED-D632-4510-ACE4-7D3444CDF383}.Release|Any CPU.ActiveCfg = Release|Any CPU
		{C25F2CED-D632-4510-ACE4-7D3444CDF383}.Release|Any CPU.Build.0 = Release|Any CPU
	EndGlobalSection
	GlobalSection(SolutionProperties) = preSolution
		HideSolutionNode = FALSE
	EndGlobalSection
	GlobalSection(ExtensibilityGlobals) = postSolution
		SolutionGuid = {D356040E-9392-44DA-8ACC-8A90155D25B5}
	EndGlobalSection
EndGlobal
